
Microsoft Visual Studio Solution File, Format Version 12.00
# Visual Studio Version 16
VisualStudioVersion = 16.0.29911.84
MinimumVisualStudioVersion = 10.0.40219.1
Project("{888888A0-9F3D-457C-B088-3A5042F75D52}") = "FlaskThree", "FlaskThree.pyproj", "{5B0EE076-1022-49F9-9854-32DA9A5957B5}"
EndProject
Global
	GlobalSection(SolutionConfigurationPlatforms) = preSolution
		Debug|Any CPU = Debug|Any CPU
		Release|Any CPU = Release|Any CPU
	EndGlobalSection
	GlobalSection(ProjectConfigurationPlatforms) = postSolution
		{5B0EE076-1022-49F9-9854-32DA9A5957B5}.Debug|Any CPU.ActiveCfg = Debug|Any CPU
		{5B0EE076-1022-49F9-9854-32DA9A5957B5}.Debug|Any CPU.Build.0 = Debug|Any CPU
		{5B0EE076-1022-49F9-9854-32DA9A5957B5}.Release|Any CPU.ActiveCfg = Release|Any CPU
		{5B0EE076-1022-49F9-9854-32DA9A5957B5}.Release|Any CPU.Build.0 = Release|Any CPU
	EndGlobalSection
	GlobalSection(SolutionProperties) = preSolution
		HideSolutionNode = FALSE
	EndGlobalSection
	GlobalSection(ExtensibilityGlobals) = postSolution
		SolutionGuid = {B6061FC4-D50E-4C05-9A23-1BBCA7E1C427}
	EndGlobalSection
EndGlobal
